
Microsoft Visual Studio Solution File, Format Version 12.00
# Visual Studio Version 16
VisualStudioVersion = 16.0.29806.167
MinimumVisualStudioVersion = 10.0.40219.1
Project("{FAE04EC0-301F-11D3-BF4B-00C04F79EFBC}") = "QuanLyCuaHangGear", "QuanLyCuaHangGear\QuanLyCuaHangGear.csproj", "{13D601BB-1163-4402-8B3D-D113F7DB8A25}"
EndProject
Global
	GlobalSection(SolutionConfigurationPlatforms) = preSolution
		Debug|Any CPU = Debug|Any CPU
		Release|Any CPU = Release|Any CPU
	EndGlobalSection
	GlobalSection(ProjectConfigurationPlatforms) = postSolution
		{13D601BB-1163-4402-8B3D-D113F7DB8A25}.Debug|Any CPU.ActiveCfg = Debug|Any CPU
		{13D601BB-1163-4402-8B3D-D113F7DB8A25}.Debug|Any CPU.Build.0 = Debug|Any CPU
		{13D601BB-1163-4402-8B3D-D113F7DB8A25}.Release|Any CPU.ActiveCfg = Release|Any CPU
		{13D601BB-1163-4402-8B3D-D113F7DB8A25}.Release|Any CPU.Build.0 = Release|Any CPU
	EndGlobalSection
	GlobalSection(SolutionProperties) = preSolution
		HideSolutionNode = FALSE
	EndGlobalSection
	GlobalSection(ExtensibilityGlobals) = postSolution
		SolutionGuid = {3935FAC4-F7AC-411D-9663-7E3722B7BD48}
	EndGlobalSection
EndGlobal
